
Microsoft Visual Studio Solution File, Format Version 12.00
# Visual Studio Version 16
VisualStudioVersion = 16.0.28803.156
MinimumVisualStudioVersion = 10.0.40219.1
Project("{FAE04EC0-301F-11D3-BF4B-00C04F79EFBC}") = "Aula02_ByteBank", "Aula02_ByteBank\Aula02_ByteBank.csproj", "{6F1AE313-8305-4100-B002-32CCFDFEF638}"
EndProject
Global
	GlobalSection(SolutionConfigurationPlatforms) = preSolution
		Debug|Any CPU = Debug|Any CPU
		Release|Any CPU = Release|Any CPU
	EndGlobalSection
	GlobalSection(ProjectConfigurationPlatforms) = postSolution
		{6F1AE313-8305-4100-B002-32CCFDFEF638}.Debug|Any CPU.ActiveCfg = Debug|Any CPU
		{6F1AE313-8305-4100-B002-32CCFDFEF638}.Debug|Any CPU.Build.0 = Debug|Any CPU
		{6F1AE313-8305-4100-B002-32CCFDFEF638}.Release|Any CPU.ActiveCfg = Release|Any CPU
		{6F1AE313-8305-4100-B002-32CCFDFEF638}.Release|Any CPU.Build.0 = Release|Any CPU
	EndGlobalSection
	GlobalSection(SolutionProperties) = preSolution
		HideSolutionNode = FALSE
	EndGlobalSection
	GlobalSection(ExtensibilityGlobals) = postSolution
		SolutionGuid = {71CD21BB-9D97-4DAB-AE5D-2BC7D90672C2}
	EndGlobalSection
EndGlobal
